
Microsoft Visual Studio Solution File, Format Version 12.00
# Visual Studio Version 17
VisualStudioVersion = 17.1.32328.378
MinimumVisualStudioVersion = 10.0.40219.1
Project("{FAE04EC0-301F-11D3-BF4B-00C04F79EFBC}") = "PrisonBackEnd", "PrisonBackEnd.csproj", "{471C0E0F-728E-480D-8840-9BA5CB270857}"
EndProject
Global
	GlobalSection(SolutionConfigurationPlatforms) = preSolution
		Debug|Any CPU = Debug|Any CPU
		Release|Any CPU = Release|Any CPU
	EndGlobalSection
	GlobalSection(ProjectConfigurationPlatforms) = postSolution
		{471C0E0F-728E-480D-8840-9BA5CB270857}.Debug|Any CPU.ActiveCfg = Debug|Any CPU
		{471C0E0F-728E-480D-8840-9BA5CB270857}.Debug|Any CPU.Build.0 = Debug|Any CPU
		{471C0E0F-728E-480D-8840-9BA5CB270857}.Release|Any CPU.ActiveCfg = Release|Any CPU
		{471C0E0F-728E-480D-8840-9BA5CB270857}.Release|Any CPU.Build.0 = Release|Any CPU
	EndGlobalSection
	GlobalSection(SolutionProperties) = preSolution
		HideSolutionNode = FALSE
	EndGlobalSection
	GlobalSection(ExtensibilityGlobals) = postSolution
		SolutionGuid = {0C9B0564-998D-4FBE-8F9A-0676778D8597}
	EndGlobalSection
EndGlobal
